// !$*UTF8*$!
{
	archiveVersion = 1;
	classes = {
	};
	objectVersion = 56;
	objects = {

/* Begin PBXBuildFile section */
		1ACC06C82F94DE72005BEF70 /* PlusJakartaSans-ExtraBold.ttf in Resources */ = {isa = PBXBuildFile; fileRef = 1ACC06C42F94DE72005BEF70 /* PlusJakartaSans-ExtraBold.ttf */; };
		1ACC06C92F94DE72005BEF70 /* PlusJakartaSans-Medium.ttf in Resources */ = {isa = PBXBuildFile; fileRef = 1ACC06C62F94DE72005BEF70 /* PlusJakartaSans-Medium.ttf */; };
		1ACC06CA2F94DE72005BEF70 /* PlusJakartaSans-Bold.ttf in Resources */ = {isa = PBXBuildFile; fileRef = 1ACC06C32F94DE72005BEF70 /* PlusJakartaSans-Bold.ttf */; };
		1ACC06CB2F94DE72005BEF70 /* PlusJakartaSans-ExtraBoldItalic.ttf in Resources */ = {isa = PBXBuildFile; fileRef = 1ACC06C52F94DE72005BEF70 /* PlusJakartaSans-ExtraBoldItalic.ttf */; };
		1ACC06CC2F94DE72005BEF70 /* PlusJakartaSans-Regular.ttf in Resources */ = {isa = PBXBuildFile; fileRef = 1ACC06C72F94DE72005BEF70 /* PlusJakartaSans-Regular.ttf */; };
		1ACC06FF2F95037E005BEF70 /* fail.wav in Resources */ = {isa = PBXBuildFile; fileRef = 1ACC06F62F95037E005BEF70 /* fail.wav */; };
		1ACC07002F95037E005BEF70 /* menu_music.wav in Resources */ = {isa = PBXBuildFile; fileRef = 1ACC06FB2F95037E005BEF70 /* menu_music.wav */; };
		1ACC07012F95037E005BEF70 /* freeflight_city_music.wav in Resources */ = {isa = PBXBuildFile; fileRef = 1ACC06F72F95037E005BEF70 /* freeflight_city_music.wav */; };
		1ACC07022F95037E005BEF70 /* freeflight_mountain_music.wav in Resources */ = {isa = PBXBuildFile; fileRef = 1ACC06F82F95037E005BEF70 /* freeflight_mountain_music.wav */; };
		1ACC07032F95037E005BEF70 /* hit.wav in Resources */ = {isa = PBXBuildFile; fileRef = 1ACC06FA2F95037E005BEF70 /* hit.wav */; };
		1ACC07042F95037E005BEF70 /* ring_pass.wav in Resources */ = {isa = PBXBuildFile; fileRef = 1ACC06FC2F95037E005BEF70 /* ring_pass.wav */; };
		1ACC07052F95037E005BEF70 /* coin_collect.wav in Resources */ = {isa = PBXBuildFile; fileRef = 1ACC06F52F95037E005BEF70 /* coin_collect.wav */; };
		1ACC07062F95037E005BEF70 /* win.wav in Resources */ = {isa = PBXBuildFile; fileRef = 1ACC06FE2F95037E005BEF70 /* win.wav */; };
		1ACC07072F95037E005BEF70 /* gameplay_music.wav in Resources */ = {isa = PBXBuildFile; fileRef = 1ACC06F92F95037E005BEF70 /* gameplay_music.wav */; };
		1ACC07082F95037E005BEF70 /* ui_tap.wav in Resources */ = {isa = PBXBuildFile; fileRef = 1ACC06FD2F95037E005BEF70 /* ui_tap.wav */; };
		1A75BBB12FAA000000000001 /* engine_loop_red_baron.caf in Resources */ = {isa = PBXBuildFile; fileRef = 1A75AAA12FAA000000000001 /* engine_loop_red_baron.caf */; };
		1A75BBB22FAA000000000002 /* engine_loop_blue_sky_chaser.caf in Resources */ = {isa = PBXBuildFile; fileRef = 1A75AAA22FAA000000000002 /* engine_loop_blue_sky_chaser.caf */; };
		1A75BBB32FAA000000000003 /* engine_loop_shadow_dart.caf in Resources */ = {isa = PBXBuildFile; fileRef = 1A75AAA32FAA000000000003 /* engine_loop_shadow_dart.caf */; };
		1A75BBB42FAA000000000004 /* engine_loop_night_hawk.caf in Resources */ = {isa = PBXBuildFile; fileRef = 1A75AAA42FAA000000000004 /* engine_loop_night_hawk.caf */; };
		1A75BBB52FAA000000000005 /* sfx_timer_warning.caf in Resources */ = {isa = PBXBuildFile; fileRef = 1A75AAA52FAA000000000005 /* sfx_timer_warning.caf */; };
		1A75BBB62FAA000000000006 /* sfx_landing_touchdown.caf in Resources */ = {isa = PBXBuildFile; fileRef = 1A75AAA62FAA000000000006 /* sfx_landing_touchdown.caf */; };
		1A75BBB72FAA000000000007 /* sfx_landing_success.caf in Resources */ = {isa = PBXBuildFile; fileRef = 1A75AAA72FAA000000000007 /* sfx_landing_success.caf */; };
		1A75BBB82FAA000000000008 /* sfx_landing_rough.caf in Resources */ = {isa = PBXBuildFile; fileRef = 1A75AAA82FAA000000000008 /* sfx_landing_rough.caf */; };
		1A75BBB92FAA000000000009 /* sfx_landing_crash.caf in Resources */ = {isa = PBXBuildFile; fileRef = 1A75AAA92FAA000000000009 /* sfx_landing_crash.caf */; };
		1A75BBBA2FAA00000000000A /* music_landing_practice.m4a in Resources */ = {isa = PBXBuildFile; fileRef = 1A75AAAA2FAA00000000000A /* music_landing_practice.m4a */; };
		B10001000000000000000101 /* AppDelegate.swift in Sources */ = {isa = PBXBuildFile; fileRef = F10001000000000000000101 /* AppDelegate.swift */; };
		B10001000000000000000103 /* SceneDelegate.swift in Sources */ = {isa = PBXBuildFile; fileRef = F10001000000000000000103 /* SceneDelegate.swift */; };
		B10001000000000000000102 /* GameViewController.swift in Sources */ = {isa = PBXBuildFile; fileRef = F10001000000000000000102 /* GameViewController.swift */; };
		B10001000000000000000104 /* Colors.swift in Sources */ = {isa = PBXBuildFile; fileRef = F10001000000000000000104 /* Colors.swift */; };
		B10001000000000000000201 /* ProgressManager.swift in Sources */ = {isa = PBXBuildFile; fileRef = F10001000000000000000201 /* ProgressManager.swift */; };
		B10001000000000000000202 /* AudioManager.swift in Sources */ = {isa = PBXBuildFile; fileRef = F10001000000000000000202 /* AudioManager.swift */; };
		B10001000000000000000205 /* CurrencyManager.swift in Sources */ = {isa = PBXBuildFile; fileRef = F10001000000000000000205 /* CurrencyManager.swift */; };
		B10001000000000000000301 /* Player.swift in Sources */ = {isa = PBXBuildFile; fileRef = F10001000000000000000301 /* Player.swift */; };
		B10001000000000000000302 /* Upgrade.swift in Sources */ = {isa = PBXBuildFile; fileRef = F10001000000000000000302 /* Upgrade.swift */; };
		B10001000000000000000303 /* Challenge.swift in Sources */ = {isa = PBXBuildFile; fileRef = F10001000000000000000303 /* Challenge.swift */; };
		B10001000000000000000304 /* GameState.swift in Sources */ = {isa = PBXBuildFile; fileRef = F10001000000000000000304 /* GameState.swift */; };
		B10001000000000000000305 /* FreeFlight.swift in Sources */ = {isa = PBXBuildFile; fileRef = F10001000000000000000305 /* FreeFlight.swift */; };
		B10001000000000000000401 /* PlaneNode.swift in Sources */ = {isa = PBXBuildFile; fileRef = F10001000000000000000401 /* PlaneNode.swift */; };
		B10001000000000000000402 /* CoinNode.swift in Sources */ = {isa = PBXBuildFile; fileRef = F10001000000000000000402 /* CoinNode.swift */; };
		B10001000000000000000403 /* ObstacleNode.swift in Sources */ = {isa = PBXBuildFile; fileRef = F10001000000000000000403 /* ObstacleNode.swift */; };
		B10001000000000000000404 /* RingNode.swift in Sources */ = {isa = PBXBuildFile; fileRef = F10001000000000000000404 /* RingNode.swift */; };
		B10001000000000000000405 /* FinishLineNode.swift in Sources */ = {isa = PBXBuildFile; fileRef = F10001000000000000000405 /* FinishLineNode.swift */; };
		B10001000000000000000406 /* LandingZoneNode.swift in Sources */ = {isa = PBXBuildFile; fileRef = F10001000000000000000406 /* LandingZoneNode.swift */; };
		B10001000000000000000407 /* CoinRewardPill.swift in Sources */ = {isa = PBXBuildFile; fileRef = F10001000000000000000407 /* CoinRewardPill.swift */; };
		B10001000000000000000408 /* ApproachLightWaveNode.swift in Sources */ = {isa = PBXBuildFile; fileRef = F10001000000000000000408 /* ApproachLightWaveNode.swift */; };
		B10001000000000000000409 /* BigRingNode.swift in Sources */ = {isa = PBXBuildFile; fileRef = F10001000000000000000409 /* BigRingNode.swift */; };
		B10001000000000000000501 /* GameScene.swift in Sources */ = {isa = PBXBuildFile; fileRef = F10001000000000000000501 /* GameScene.swift */; };
		B10001000000000000000502 /* MenuScene.swift in Sources */ = {isa = PBXBuildFile; fileRef = F10001000000000000000502 /* MenuScene.swift */; };
		B10001000000000000000503 /* MapScene.swift in Sources */ = {isa = PBXBuildFile; fileRef = F10001000000000000000503 /* MapScene.swift */; };
		B10001000000000000000504 /* ShopScene.swift in Sources */ = {isa = PBXBuildFile; fileRef = F10001000000000000000504 /* ShopScene.swift */; };
		B10001000000000000000505 /* ResultsScene.swift in Sources */ = {isa = PBXBuildFile; fileRef = F10001000000000000000505 /* ResultsScene.swift */; };
		B10001000000000000000507 /* HangarScene.swift in Sources */ = {isa = PBXBuildFile; fileRef = F10001000000000000000507 /* HangarScene.swift */; };
		B10001000000000000000508 /* FreeFlightCityScene.swift in Sources */ = {isa = PBXBuildFile; fileRef = F10001000000000000000508 /* FreeFlightCityScene.swift */; };
		B10001000000000000000509 /* FreeFlightMountainScene.swift in Sources */ = {isa = PBXBuildFile; fileRef = F10001000000000000000509 /* FreeFlightMountainScene.swift */; };
		B1000100000000000000050A /* LandingPracticeScene.swift in Sources */ = {isa = PBXBuildFile; fileRef = F1000100000000000000050A /* LandingPracticeScene.swift */; };
		B10001000000000000000701 /* SkyUIEffects.swift in Sources */ = {isa = PBXBuildFile; fileRef = F10001000000000000000701 /* SkyUIEffects.swift */; };
		B10001000000000000000702 /* SkyChunkyButton.swift in Sources */ = {isa = PBXBuildFile; fileRef = F10001000000000000000702 /* SkyChunkyButton.swift */; };
		B10001000000000000000703 /* SkyTabBar.swift in Sources */ = {isa = PBXBuildFile; fileRef = F10001000000000000000703 /* SkyTabBar.swift */; };
		B10001000000000000000704 /* CurrencyHUD.swift in Sources */ = {isa = PBXBuildFile; fileRef = F10001000000000000000704 /* CurrencyHUD.swift */; };
		B10001000000000000000705 /* SkyMenuTopBar.swift in Sources */ = {isa = PBXBuildFile; fileRef = F10001000000000000000705 /* SkyMenuTopBar.swift */; };
		B10001000000000000000306 /* MissionContent.swift in Sources */ = {isa = PBXBuildFile; fileRef = F10001000000000000000306 /* MissionContent.swift */; };
		B10001000000000000000307 /* PlaneAbility.swift in Sources */ = {isa = PBXBuildFile; fileRef = F10001000000000000000307 /* PlaneAbility.swift */; };
		B1000100000000000000050B /* GameIntroScene.swift in Sources */ = {isa = PBXBuildFile; fileRef = F1000100000000000000050B /* GameIntroScene.swift */; };
		B1000100000000000000050C /* ChapterTransitionScene.swift in Sources */ = {isa = PBXBuildFile; fileRef = F1000100000000000000050C /* ChapterTransitionScene.swift */; };
		B10001000000000000000706 /* MissionBriefingCard.swift in Sources */ = {isa = PBXBuildFile; fileRef = F10001000000000000000706 /* MissionBriefingCard.swift */; };
		B10001000000000000000707 /* AbilityButtonNode.swift in Sources */ = {isa = PBXBuildFile; fileRef = F10001000000000000000707 /* AbilityButtonNode.swift */; };
		B10001000000000000010006 /* MissionContentTests.swift in Sources */ = {isa = PBXBuildFile; fileRef = F10001000000000000010006 /* MissionContentTests.swift */; };
		B10001000000000000010007 /* PlaneAbilityTests.swift in Sources */ = {isa = PBXBuildFile; fileRef = F10001000000000000010007 /* PlaneAbilityTests.swift */; };
		B10001000000000000010008 /* BigRingStreakTests.swift in Sources */ = {isa = PBXBuildFile; fileRef = F10001000000000000010008 /* BigRingStreakTests.swift */; };
		B10001000000000000010001 /* CurrencyManagerTests.swift in Sources */ = {isa = PBXBuildFile; fileRef = F10001000000000000010001 /* CurrencyManagerTests.swift */; };
		B10001000000000000010002 /* StarRatingTests.swift in Sources */ = {isa = PBXBuildFile; fileRef = F10001000000000000010002 /* StarRatingTests.swift */; };
		B10001000000000000010005 /* FreeFlightCoinAccumulatorTests.swift in Sources */ = {isa = PBXBuildFile; fileRef = F10001000000000000010005 /* FreeFlightCoinAccumulatorTests.swift */; };
		B10002000000000000000601 /* Assets.xcassets in Resources */ = {isa = PBXBuildFile; fileRef = F10002000000000000000601 /* Assets.xcassets */; };
		B10002000000000000000602 /* PrivacyInfo.xcprivacy in Resources */ = {isa = PBXBuildFile; fileRef = F10002000000000000000602 /* PrivacyInfo.xcprivacy */; };
		B10002000000000000000603 /* Sprites in Resources */ = {isa = PBXBuildFile; fileRef = F10002000000000000000603 /* Sprites */; };
		B10002000000000000000604 /* LaunchScreen.storyboard in Resources */ = {isa = PBXBuildFile; fileRef = F10002000000000000000604 /* LaunchScreen.storyboard */; };
/* End PBXBuildFile section */

/* Begin PBXContainerItemProxy section */
		CP10011000000000000000001 /* PBXContainerItemProxy */ = {
			isa = PBXContainerItemProxy;
			containerPortal = P10008000000000000000001 /* Project object */;
			proxyType = 1;
			remoteGlobalIDString = T10004000000000000000001;
			remoteInfo = SkyAce;
		};
/* End PBXContainerItemProxy section */

/* Begin PBXFileReference section */
		1ACC06C32F94DE72005BEF70 /* PlusJakartaSans-Bold.ttf */ = {isa = PBXFileReference; lastKnownFileType = file; path = "PlusJakartaSans-Bold.ttf"; sourceTree = "<group>"; };
		1ACC06C42F94DE72005BEF70 /* PlusJakartaSans-ExtraBold.ttf */ = {isa = PBXFileReference; lastKnownFileType = file; path = "PlusJakartaSans-ExtraBold.ttf"; sourceTree = "<group>"; };
		1ACC06C52F94DE72005BEF70 /* PlusJakartaSans-ExtraBoldItalic.ttf */ = {isa = PBXFileReference; lastKnownFileType = file; path = "PlusJakartaSans-ExtraBoldItalic.ttf"; sourceTree = "<group>"; };
		1ACC06C62F94DE72005BEF70 /* PlusJakartaSans-Medium.ttf */ = {isa = PBXFileReference; lastKnownFileType = file; path = "PlusJakartaSans-Medium.ttf"; sourceTree = "<group>"; };
		1ACC06C72F94DE72005BEF70 /* PlusJakartaSans-Regular.ttf */ = {isa = PBXFileReference; lastKnownFileType = file; path = "PlusJakartaSans-Regular.ttf"; sourceTree = "<group>"; };
		1ACC06F52F95037E005BEF70 /* coin_collect.wav */ = {isa = PBXFileReference; lastKnownFileType = audio.wav; path = coin_collect.wav; sourceTree = "<group>"; };
		1ACC06F62F95037E005BEF70 /* fail.wav */ = {isa = PBXFileReference; lastKnownFileType = audio.wav; path = fail.wav; sourceTree = "<group>"; };
		1ACC06F72F95037E005BEF70 /* freeflight_city_music.wav */ = {isa = PBXFileReference; lastKnownFileType = audio.wav; path = freeflight_city_music.wav; sourceTree = "<group>"; };
		1ACC06F82F95037E005BEF70 /* freeflight_mountain_music.wav */ = {isa = PBXFileReference; lastKnownFileType = audio.wav; path = freeflight_mountain_music.wav; sourceTree = "<group>"; };
		1ACC06F92F95037E005BEF70 /* gameplay_music.wav */ = {isa = PBXFileReference; lastKnownFileType = audio.wav; path = gameplay_music.wav; sourceTree = "<group>"; };
		1ACC06FA2F95037E005BEF70 /* hit.wav */ = {isa = PBXFileReference; lastKnownFileType = audio.wav; path = hit.wav; sourceTree = "<group>"; };
		1ACC06FB2F95037E005BEF70 /* menu_music.wav */ = {isa = PBXFileReference; lastKnownFileType = audio.wav; path = menu_music.wav; sourceTree = "<group>"; };
		1ACC06FC2F95037E005BEF70 /* ring_pass.wav */ = {isa = PBXFileReference; lastKnownFileType = audio.wav; path = ring_pass.wav; sourceTree = "<group>"; };
		1ACC06FD2F95037E005BEF70 /* ui_tap.wav */ = {isa = PBXFileReference; lastKnownFileType = audio.wav; path = ui_tap.wav; sourceTree = "<group>"; };
		1ACC06FE2F95037E005BEF70 /* win.wav */ = {isa = PBXFileReference; lastKnownFileType = audio.wav; path = win.wav; sourceTree = "<group>"; };
		1A75AAA12FAA000000000001 /* engine_loop_red_baron.caf */ = {isa = PBXFileReference; lastKnownFileType = file; path = engine_loop_red_baron.caf; sourceTree = "<group>"; };
		1A75AAA22FAA000000000002 /* engine_loop_blue_sky_chaser.caf */ = {isa = PBXFileReference; lastKnownFileType = file; path = engine_loop_blue_sky_chaser.caf; sourceTree = "<group>"; };
		1A75AAA32FAA000000000003 /* engine_loop_shadow_dart.caf */ = {isa = PBXFileReference; lastKnownFileType = file; path = engine_loop_shadow_dart.caf; sourceTree = "<group>"; };
		1A75AAA42FAA000000000004 /* engine_loop_night_hawk.caf */ = {isa = PBXFileReference; lastKnownFileType = file; path = engine_loop_night_hawk.caf; sourceTree = "<group>"; };
		1A75AAA52FAA000000000005 /* sfx_timer_warning.caf */ = {isa = PBXFileReference; lastKnownFileType = file; path = sfx_timer_warning.caf; sourceTree = "<group>"; };
		1A75AAA62FAA000000000006 /* sfx_landing_touchdown.caf */ = {isa = PBXFileReference; lastKnownFileType = file; path = sfx_landing_touchdown.caf; sourceTree = "<group>"; };
		1A75AAA72FAA000000000007 /* sfx_landing_success.caf */ = {isa = PBXFileReference; lastKnownFileType = file; path = sfx_landing_success.caf; sourceTree = "<group>"; };
		1A75AAA82FAA000000000008 /* sfx_landing_rough.caf */ = {isa = PBXFileReference; lastKnownFileType = file; path = sfx_landing_rough.caf; sourceTree = "<group>"; };
		1A75AAA92FAA000000000009 /* sfx_landing_crash.caf */ = {isa = PBXFileReference; lastKnownFileType = file; path = sfx_landing_crash.caf; sourceTree = "<group>"; };
		1A75AAAA2FAA00000000000A /* music_landing_practice.m4a */ = {isa = PBXFileReference; lastKnownFileType = file; path = music_landing_practice.m4a; sourceTree = "<group>"; };
		F10000000000000000000001 /* SkyAce.app */ = {isa = PBXFileReference; explicitFileType = wrapper.application; includeInIndex = 0; path = SkyAce.app; sourceTree = BUILT_PRODUCTS_DIR; };
		F10000000000000000000002 /* SkyAceTests.xctest */ = {isa = PBXFileReference; explicitFileType = wrapper.cfbundle; includeInIndex = 0; path = SkyAceTests.xctest; sourceTree = BUILT_PRODUCTS_DIR; };
		F10001000000000000000000 /* Info.plist */ = {isa = PBXFileReference; lastKnownFileType = text.plist.xml; path = Info.plist; sourceTree = "<group>"; };
		F10001000000000000000101 /* AppDelegate.swift */ = {isa = PBXFileReference; lastKnownFileType = sourcecode.swift; path = AppDelegate.swift; sourceTree = "<group>"; };
		F10001000000000000000103 /* SceneDelegate.swift */ = {isa = PBXFileReference; lastKnownFileType = sourcecode.swift; path = SceneDelegate.swift; sourceTree = "<group>"; };
		F10001000000000000000102 /* GameViewController.swift */ = {isa = PBXFileReference; lastKnownFileType = sourcecode.swift; path = GameViewController.swift; sourceTree = "<group>"; };
		F10001000000000000000104 /* Colors.swift */ = {isa = PBXFileReference; lastKnownFileType = sourcecode.swift; path = Colors.swift; sourceTree = "<group>"; };
		F10001000000000000000201 /* ProgressManager.swift */ = {isa = PBXFileReference; lastKnownFileType = sourcecode.swift; path = ProgressManager.swift; sourceTree = "<group>"; };
		F10001000000000000000202 /* AudioManager.swift */ = {isa = PBXFileReference; lastKnownFileType = sourcecode.swift; path = AudioManager.swift; sourceTree = "<group>"; };
		F10001000000000000000205 /* CurrencyManager.swift */ = {isa = PBXFileReference; lastKnownFileType = sourcecode.swift; path = CurrencyManager.swift; sourceTree = "<group>"; };
		F10001000000000000000301 /* Player.swift */ = {isa = PBXFileReference; lastKnownFileType = sourcecode.swift; path = Player.swift; sourceTree = "<group>"; };
		F10001000000000000000302 /* Upgrade.swift */ = {isa = PBXFileReference; lastKnownFileType = sourcecode.swift; path = Upgrade.swift; sourceTree = "<group>"; };
		F10001000000000000000303 /* Challenge.swift */ = {isa = PBXFileReference; lastKnownFileType = sourcecode.swift; path = Challenge.swift; sourceTree = "<group>"; };
		F10001000000000000000304 /* GameState.swift */ = {isa = PBXFileReference; lastKnownFileType = sourcecode.swift; path = GameState.swift; sourceTree = "<group>"; };
		F10001000000000000000305 /* FreeFlight.swift */ = {isa = PBXFileReference; lastKnownFileType = sourcecode.swift; path = FreeFlight.swift; sourceTree = "<group>"; };
		F10001000000000000000401 /* PlaneNode.swift */ = {isa = PBXFileReference; lastKnownFileType = sourcecode.swift; path = PlaneNode.swift; sourceTree = "<group>"; };
		F10001000000000000000402 /* CoinNode.swift */ = {isa = PBXFileReference; lastKnownFileType = sourcecode.swift; path = CoinNode.swift; sourceTree = "<group>"; };
		F10001000000000000000403 /* ObstacleNode.swift */ = {isa = PBXFileReference; lastKnownFileType = sourcecode.swift; path = ObstacleNode.swift; sourceTree = "<group>"; };
		F10001000000000000000404 /* RingNode.swift */ = {isa = PBXFileReference; lastKnownFileType = sourcecode.swift; path = RingNode.swift; sourceTree = "<group>"; };
		F10001000000000000000405 /* FinishLineNode.swift */ = {isa = PBXFileReference; lastKnownFileType = sourcecode.swift; path = FinishLineNode.swift; sourceTree = "<group>"; };
		F10001000000000000000406 /* LandingZoneNode.swift */ = {isa = PBXFileReference; lastKnownFileType = sourcecode.swift; path = LandingZoneNode.swift; sourceTree = "<group>"; };
		F10001000000000000000407 /* CoinRewardPill.swift */ = {isa = PBXFileReference; lastKnownFileType = sourcecode.swift; path = CoinRewardPill.swift; sourceTree = "<group>"; };
		F10001000000000000000408 /* ApproachLightWaveNode.swift */ = {isa = PBXFileReference; lastKnownFileType = sourcecode.swift; path = ApproachLightWaveNode.swift; sourceTree = "<group>"; };
		F10001000000000000000409 /* BigRingNode.swift */ = {isa = PBXFileReference; lastKnownFileType = sourcecode.swift; path = BigRingNode.swift; sourceTree = "<group>"; };
		F10001000000000000000501 /* GameScene.swift */ = {isa = PBXFileReference; lastKnownFileType = sourcecode.swift; path = GameScene.swift; sourceTree = "<group>"; };
		F10001000000000000000502 /* MenuScene.swift */ = {isa = PBXFileReference; lastKnownFileType = sourcecode.swift; path = MenuScene.swift; sourceTree = "<group>"; };
		F10001000000000000000503 /* MapScene.swift */ = {isa = PBXFileReference; lastKnownFileType = sourcecode.swift; path = MapScene.swift; sourceTree = "<group>"; };
		F10001000000000000000504 /* ShopScene.swift */ = {isa = PBXFileReference; lastKnownFileType = sourcecode.swift; path = ShopScene.swift; sourceTree = "<group>"; };
		F10001000000000000000505 /* ResultsScene.swift */ = {isa = PBXFileReference; lastKnownFileType = sourcecode.swift; path = ResultsScene.swift; sourceTree = "<group>"; };
		F10001000000000000000507 /* HangarScene.swift */ = {isa = PBXFileReference; lastKnownFileType = sourcecode.swift; path = HangarScene.swift; sourceTree = "<group>"; };
		F10001000000000000000508 /* FreeFlightCityScene.swift */ = {isa = PBXFileReference; lastKnownFileType = sourcecode.swift; path = FreeFlightCityScene.swift; sourceTree = "<group>"; };
		F10001000000000000000509 /* FreeFlightMountainScene.swift */ = {isa = PBXFileReference; lastKnownFileType = sourcecode.swift; path = FreeFlightMountainScene.swift; sourceTree = "<group>"; };
		F1000100000000000000050A /* LandingPracticeScene.swift */ = {isa = PBXFileReference; lastKnownFileType = sourcecode.swift; path = LandingPracticeScene.swift; sourceTree = "<group>"; };
		F10001000000000000000701 /* SkyUIEffects.swift */ = {isa = PBXFileReference; lastKnownFileType = sourcecode.swift; path = SkyUIEffects.swift; sourceTree = "<group>"; };
		F10001000000000000000702 /* SkyChunkyButton.swift */ = {isa = PBXFileReference; lastKnownFileType = sourcecode.swift; path = SkyChunkyButton.swift; sourceTree = "<group>"; };
		F10001000000000000000703 /* SkyTabBar.swift */ = {isa = PBXFileReference; lastKnownFileType = sourcecode.swift; path = SkyTabBar.swift; sourceTree = "<group>"; };
		F10001000000000000000704 /* CurrencyHUD.swift */ = {isa = PBXFileReference; lastKnownFileType = sourcecode.swift; path = CurrencyHUD.swift; sourceTree = "<group>"; };
		F10001000000000000000705 /* SkyMenuTopBar.swift */ = {isa = PBXFileReference; lastKnownFileType = sourcecode.swift; path = SkyMenuTopBar.swift; sourceTree = "<group>"; };
		F10001000000000000000306 /* MissionContent.swift */ = {isa = PBXFileReference; lastKnownFileType = sourcecode.swift; path = MissionContent.swift; sourceTree = "<group>"; };
		F10001000000000000000307 /* PlaneAbility.swift */ = {isa = PBXFileReference; lastKnownFileType = sourcecode.swift; path = PlaneAbility.swift; sourceTree = "<group>"; };
		F1000100000000000000050B /* GameIntroScene.swift */ = {isa = PBXFileReference; lastKnownFileType = sourcecode.swift; path = GameIntroScene.swift; sourceTree = "<group>"; };
		F1000100000000000000050C /* ChapterTransitionScene.swift */ = {isa = PBXFileReference; lastKnownFileType = sourcecode.swift; path = ChapterTransitionScene.swift; sourceTree = "<group>"; };
		F10001000000000000000706 /* MissionBriefingCard.swift */ = {isa = PBXFileReference; lastKnownFileType = sourcecode.swift; path = MissionBriefingCard.swift; sourceTree = "<group>"; };
		F10001000000000000000707 /* AbilityButtonNode.swift */ = {isa = PBXFileReference; lastKnownFileType = sourcecode.swift; path = AbilityButtonNode.swift; sourceTree = "<group>"; };
		F10001000000000000010006 /* MissionContentTests.swift */ = {isa = PBXFileReference; lastKnownFileType = sourcecode.swift; path = MissionContentTests.swift; sourceTree = "<group>"; };
		F10001000000000000010007 /* PlaneAbilityTests.swift */ = {isa = PBXFileReference; lastKnownFileType = sourcecode.swift; path = PlaneAbilityTests.swift; sourceTree = "<group>"; };
		F10001000000000000010008 /* BigRingStreakTests.swift */ = {isa = PBXFileReference; lastKnownFileType = sourcecode.swift; path = BigRingStreakTests.swift; sourceTree = "<group>"; };
		F10001000000000000010001 /* CurrencyManagerTests.swift */ = {isa = PBXFileReference; lastKnownFileType = sourcecode.swift; path = CurrencyManagerTests.swift; sourceTree = "<group>"; };
		F10001000000000000010002 /* StarRatingTests.swift */ = {isa = PBXFileReference; lastKnownFileType = sourcecode.swift; path = StarRatingTests.swift; sourceTree = "<group>"; };
		F10001000000000000010005 /* FreeFlightCoinAccumulatorTests.swift */ = {isa = PBXFileReference; lastKnownFileType = sourcecode.swift; path = FreeFlightCoinAccumulatorTests.swift; sourceTree = "<group>"; };
		F10001000000000000010004 /* Info.plist */ = {isa = PBXFileReference; lastKnownFileType = text.plist.xml; path = Info.plist; sourceTree = "<group>"; };
		F10002000000000000000601 /* Assets.xcassets */ = {isa = PBXFileReference; lastKnownFileType = folder.assetcatalog; path = Assets.xcassets; sourceTree = "<group>"; };
		F10002000000000000000602 /* PrivacyInfo.xcprivacy */ = {isa = PBXFileReference; lastKnownFileType = text.xml; path = PrivacyInfo.xcprivacy; sourceTree = "<group>"; };
		F10002000000000000000603 /* Sprites */ = {isa = PBXFileReference; lastKnownFileType = folder; path = Sprites; sourceTree = "<group>"; };
		F10002000000000000000604 /* LaunchScreen.storyboard */ = {isa = PBXFileReference; lastKnownFileType = file.storyboard; path = LaunchScreen.storyboard; sourceTree = "<group>"; };
/* End PBXFileReference section */

/* Begin PBXFrameworksBuildPhase section */
		P10003000000000000000001 /* Frameworks */ = {
			isa = PBXFrameworksBuildPhase;
			buildActionMask = 2147483647;
			files = (
			);
			runOnlyForDeploymentPostprocessing = 0;
		};
		P10003000000000000000002 /* Frameworks */ = {
			isa = PBXFrameworksBuildPhase;
			buildActionMask = 2147483647;
			files = (
			);
			runOnlyForDeploymentPostprocessing = 0;
		};
/* End PBXFrameworksBuildPhase section */

/* Begin PBXGroup section */
		G10003000000000000000001 = {
			isa = PBXGroup;
			children = (
				G10003000000000000000002 /* SkyAce */,
				G10003000000000000000020 /* SkyAceTests */,
				G10003000000000000000099 /* Products */,
			);
			sourceTree = "<group>";
		};
		G10003000000000000000002 /* SkyAce */ = {
			isa = PBXGroup;
			children = (
				F10001000000000000000101 /* AppDelegate.swift */,
				F10001000000000000000103 /* SceneDelegate.swift */,
				F10001000000000000000102 /* GameViewController.swift */,
				F10001000000000000000104 /* Colors.swift */,
				G10003000000000000000003 /* Managers */,
				G10003000000000000000004 /* Models */,
				G10003000000000000000005 /* Nodes */,
				G10003000000000000000006 /* Scenes */,
				G10003000000000000000010 /* UI */,
				G10003000000000000000007 /* Resources */,
				F10001000000000000000000 /* Info.plist */,
				F10002000000000000000602 /* PrivacyInfo.xcprivacy */,
				F10002000000000000000604 /* LaunchScreen.storyboard */,
			);
			path = SkyAce;
			sourceTree = "<group>";
		};
		G10003000000000000000003 /* Managers */ = {
			isa = PBXGroup;
			children = (
				F10001000000000000000201 /* ProgressManager.swift */,
				F10001000000000000000202 /* AudioManager.swift */,
				F10001000000000000000205 /* CurrencyManager.swift */,
			);
			path = Managers;
			sourceTree = "<group>";
		};
		G10003000000000000000004 /* Models */ = {
			isa = PBXGroup;
			children = (
				F10001000000000000000301 /* Player.swift */,
				F10001000000000000000302 /* Upgrade.swift */,
				F10001000000000000000303 /* Challenge.swift */,
				F10001000000000000000304 /* GameState.swift */,
				F10001000000000000000305 /* FreeFlight.swift */,
				F10001000000000000000306 /* MissionContent.swift */,
				F10001000000000000000307 /* PlaneAbility.swift */,
			);
			path = Models;
			sourceTree = "<group>";
		};
		G10003000000000000000005 /* Nodes */ = {
			isa = PBXGroup;
			children = (
				F10001000000000000000401 /* PlaneNode.swift */,
				F10001000000000000000402 /* CoinNode.swift */,
				F10001000000000000000403 /* ObstacleNode.swift */,
				F10001000000000000000404 /* RingNode.swift */,
				F10001000000000000000405 /* FinishLineNode.swift */,
				F10001000000000000000406 /* LandingZoneNode.swift */,
				F10001000000000000000407 /* CoinRewardPill.swift */,
				F10001000000000000000408 /* ApproachLightWaveNode.swift */,
				F10001000000000000000409 /* BigRingNode.swift */,
			);
			path = Nodes;
			sourceTree = "<group>";
		};
		G10003000000000000000006 /* Scenes */ = {
			isa = PBXGroup;
			children = (
				F10001000000000000000501 /* GameScene.swift */,
				F10001000000000000000502 /* MenuScene.swift */,
				F10001000000000000000503 /* MapScene.swift */,
				F10001000000000000000504 /* ShopScene.swift */,
				F10001000000000000000505 /* ResultsScene.swift */,
				F10001000000000000000507 /* HangarScene.swift */,
				F10001000000000000000508 /* FreeFlightCityScene.swift */,
				F10001000000000000000509 /* FreeFlightMountainScene.swift */,
				F1000100000000000000050A /* LandingPracticeScene.swift */,
				F1000100000000000000050B /* GameIntroScene.swift */,
				F1000100000000000000050C /* ChapterTransitionScene.swift */,
			);
			path = Scenes;
			sourceTree = "<group>";
		};
		G10003000000000000000007 /* Resources */ = {
			isa = PBXGroup;
			children = (
				F10002000000000000000601 /* Assets.xcassets */,
				F10002000000000000000603 /* Sprites */,
				G10003000000000000000008 /* Sounds */,
				1ACC06C32F94DE72005BEF70 /* PlusJakartaSans-Bold.ttf */,
				1ACC06C42F94DE72005BEF70 /* PlusJakartaSans-ExtraBold.ttf */,
				1ACC06C52F94DE72005BEF70 /* PlusJakartaSans-ExtraBoldItalic.ttf */,
				1ACC06C62F94DE72005BEF70 /* PlusJakartaSans-Medium.ttf */,
				1ACC06C72F94DE72005BEF70 /* PlusJakartaSans-Regular.ttf */,
			);
			path = Resources;
			sourceTree = "<group>";
		};
		G10003000000000000000008 /* Sounds */ = {
			isa = PBXGroup;
			children = (
				1ACC06F52F95037E005BEF70 /* coin_collect.wav */,
				1ACC06F62F95037E005BEF70 /* fail.wav */,
				1ACC06F72F95037E005BEF70 /* freeflight_city_music.wav */,
				1ACC06F82F95037E005BEF70 /* freeflight_mountain_music.wav */,
				1ACC06F92F95037E005BEF70 /* gameplay_music.wav */,
				1ACC06FA2F95037E005BEF70 /* hit.wav */,
				1ACC06FB2F95037E005BEF70 /* menu_music.wav */,
				1ACC06FC2F95037E005BEF70 /* ring_pass.wav */,
				1ACC06FD2F95037E005BEF70 /* ui_tap.wav */,
				1ACC06FE2F95037E005BEF70 /* win.wav */,
				1A75AAA12FAA000000000001 /* engine_loop_red_baron.caf */,
				1A75AAA22FAA000000000002 /* engine_loop_blue_sky_chaser.caf */,
				1A75AAA32FAA000000000003 /* engine_loop_shadow_dart.caf */,
				1A75AAA42FAA000000000004 /* engine_loop_night_hawk.caf */,
				1A75AAA52FAA000000000005 /* sfx_timer_warning.caf */,
				1A75AAA62FAA000000000006 /* sfx_landing_touchdown.caf */,
				1A75AAA72FAA000000000007 /* sfx_landing_success.caf */,
				1A75AAA82FAA000000000008 /* sfx_landing_rough.caf */,
				1A75AAA92FAA000000000009 /* sfx_landing_crash.caf */,
				1A75AAAA2FAA00000000000A /* music_landing_practice.m4a */,
			);
			path = Sounds;
			sourceTree = "<group>";
		};
		G10003000000000000000010 /* UI */ = {
			isa = PBXGroup;
			children = (
				F10001000000000000000701 /* SkyUIEffects.swift */,
				F10001000000000000000702 /* SkyChunkyButton.swift */,
				F10001000000000000000703 /* SkyTabBar.swift */,
				F10001000000000000000704 /* CurrencyHUD.swift */,
				F10001000000000000000705 /* SkyMenuTopBar.swift */,
				F10001000000000000000706 /* MissionBriefingCard.swift */,
				F10001000000000000000707 /* AbilityButtonNode.swift */,
			);
			path = UI;
			sourceTree = "<group>";
		};
		G10003000000000000000020 /* SkyAceTests */ = {
			isa = PBXGroup;
			children = (
				F10001000000000000010001 /* CurrencyManagerTests.swift */,
				F10001000000000000010002 /* StarRatingTests.swift */,
				F10001000000000000010005 /* FreeFlightCoinAccumulatorTests.swift */,
				F10001000000000000010006 /* MissionContentTests.swift */,
				F10001000000000000010007 /* PlaneAbilityTests.swift */,
				F10001000000000000010008 /* BigRingStreakTests.swift */,
				F10001000000000000010004 /* Info.plist */,
			);
			path = SkyAceTests;
			sourceTree = "<group>";
		};
		G10003000000000000000099 /* Products */ = {
			isa = PBXGroup;
			children = (
				F10000000000000000000001 /* SkyAce.app */,
				F10000000000000000000002 /* SkyAceTests.xctest */,
			);
			name = Products;
			sourceTree = "<group>";
		};
/* End PBXGroup section */

/* Begin PBXNativeTarget section */
		T10004000000000000000001 /* SkyAce */ = {
			isa = PBXNativeTarget;
			buildConfigurationList = C10005000000000000000001 /* Build configuration list for PBXNativeTarget "SkyAce" */;
			buildPhases = (
				S10006000000000000000001 /* Sources */,
				P10003000000000000000001 /* Frameworks */,
				R10007000000000000000001 /* Resources */,
			);
			buildRules = (
			);
			dependencies = (
			);
			name = SkyAce;
			productName = SkyAce;
			productReference = F10000000000000000000001 /* SkyAce.app */;
			productType = "com.apple.product-type.application";
		};
		T10004000000000000000002 /* SkyAceTests */ = {
			isa = PBXNativeTarget;
			buildConfigurationList = C10005000000000000000003 /* Build configuration list for PBXNativeTarget "SkyAceTests" */;
			buildPhases = (
				S10006000000000000000002 /* Sources */,
				P10003000000000000000002 /* Frameworks */,
			);
			buildRules = (
			);
			dependencies = (
				D10010000000000000000001 /* PBXTargetDependency */,
			);
			name = SkyAceTests;
			productName = SkyAceTests;
			productReference = F10000000000000000000002 /* SkyAceTests.xctest */;
			productType = "com.apple.product-type.bundle.unit-test";
		};
/* End PBXNativeTarget section */

/* Begin PBXProject section */
		P10008000000000000000001 /* Project object */ = {
			isa = PBXProject;
			attributes = {
				BuildIndependentTargetsInParallel = 1;
				LastSwiftUpdateCheck = 1500;
				LastUpgradeCheck = 2640;
				TargetAttributes = {
					T10004000000000000000001 = {
						CreatedOnToolsVersion = 15.0;
					};
					T10004000000000000000002 = {
						CreatedOnToolsVersion = 15.0;
						TestTargetID = T10004000000000000000001;
					};
				};
			};
			buildConfigurationList = C10005000000000000000002 /* Build configuration list for PBXProject "SkyAce" */;
			compatibilityVersion = "Xcode 14.0";
			developmentRegion = en;
			hasScannedForEncodings = 0;
			knownRegions = (
				en,
				Base,
			);
			mainGroup = G10003000000000000000001;
			productRefGroup = G10003000000000000000099 /* Products */;
			projectDirPath = "";
			projectRoot = "";
			targets = (
				T10004000000000000000001 /* SkyAce */,
				T10004000000000000000002 /* SkyAceTests */,
			);
		};
/* End PBXProject section */

/* Begin PBXResourcesBuildPhase section */
		R10007000000000000000001 /* Resources */ = {
			isa = PBXResourcesBuildPhase;
			buildActionMask = 2147483647;
			files = (
				B10002000000000000000601 /* Assets.xcassets in Resources */,
				B10002000000000000000602 /* PrivacyInfo.xcprivacy in Resources */,
				B10002000000000000000603 /* Sprites in Resources */,
				B10002000000000000000604 /* LaunchScreen.storyboard in Resources */,
				1ACC06C82F94DE72005BEF70 /* PlusJakartaSans-ExtraBold.ttf in Resources */,
				1ACC06C92F94DE72005BEF70 /* PlusJakartaSans-Medium.ttf in Resources */,
				1ACC06CA2F94DE72005BEF70 /* PlusJakartaSans-Bold.ttf in Resources */,
				1ACC06CB2F94DE72005BEF70 /* PlusJakartaSans-ExtraBoldItalic.ttf in Resources */,
				1ACC06CC2F94DE72005BEF70 /* PlusJakartaSans-Regular.ttf in Resources */,
				1ACC06FF2F95037E005BEF70 /* fail.wav in Resources */,
				1ACC07002F95037E005BEF70 /* menu_music.wav in Resources */,
				1ACC07012F95037E005BEF70 /* freeflight_city_music.wav in Resources */,
				1ACC07022F95037E005BEF70 /* freeflight_mountain_music.wav in Resources */,
				1ACC07032F95037E005BEF70 /* hit.wav in Resources */,
				1ACC07042F95037E005BEF70 /* ring_pass.wav in Resources */,
				1ACC07052F95037E005BEF70 /* coin_collect.wav in Resources */,
				1ACC07062F95037E005BEF70 /* win.wav in Resources */,
				1ACC07072F95037E005BEF70 /* gameplay_music.wav in Resources */,
				1ACC07082F95037E005BEF70 /* ui_tap.wav in Resources */,
				1A75BBB12FAA000000000001 /* engine_loop_red_baron.caf in Resources */,
				1A75BBB22FAA000000000002 /* engine_loop_blue_sky_chaser.caf in Resources */,
				1A75BBB32FAA000000000003 /* engine_loop_shadow_dart.caf in Resources */,
				1A75BBB42FAA000000000004 /* engine_loop_night_hawk.caf in Resources */,
				1A75BBB52FAA000000000005 /* sfx_timer_warning.caf in Resources */,
				1A75BBB62FAA000000000006 /* sfx_landing_touchdown.caf in Resources */,
				1A75BBB72FAA000000000007 /* sfx_landing_success.caf in Resources */,
				1A75BBB82FAA000000000008 /* sfx_landing_rough.caf in Resources */,
				1A75BBB92FAA000000000009 /* sfx_landing_crash.caf in Resources */,
				1A75BBBA2FAA00000000000A /* music_landing_practice.m4a in Resources */,
			);
			runOnlyForDeploymentPostprocessing = 0;
		};
/* End PBXResourcesBuildPhase section */

/* Begin PBXSourcesBuildPhase section */
		S10006000000000000000001 /* Sources */ = {
			isa = PBXSourcesBuildPhase;
			buildActionMask = 2147483647;
			files = (
				B10001000000000000000101 /* AppDelegate.swift in Sources */,
				B10001000000000000000103 /* SceneDelegate.swift in Sources */,
				B10001000000000000000102 /* GameViewController.swift in Sources */,
				B10001000000000000000104 /* Colors.swift in Sources */,
				B10001000000000000000201 /* ProgressManager.swift in Sources */,
				B10001000000000000000202 /* AudioManager.swift in Sources */,
				B10001000000000000000205 /* CurrencyManager.swift in Sources */,
				B10001000000000000000301 /* Player.swift in Sources */,
				B10001000000000000000302 /* Upgrade.swift in Sources */,
				B10001000000000000000303 /* Challenge.swift in Sources */,
				B10001000000000000000304 /* GameState.swift in Sources */,
				B10001000000000000000305 /* FreeFlight.swift in Sources */,
				B10001000000000000000401 /* PlaneNode.swift in Sources */,
				B10001000000000000000402 /* CoinNode.swift in Sources */,
				B10001000000000000000403 /* ObstacleNode.swift in Sources */,
				B10001000000000000000404 /* RingNode.swift in Sources */,
				B10001000000000000000405 /* FinishLineNode.swift in Sources */,
				B10001000000000000000406 /* LandingZoneNode.swift in Sources */,
				B10001000000000000000407 /* CoinRewardPill.swift in Sources */,
				B10001000000000000000408 /* ApproachLightWaveNode.swift in Sources */,
				B10001000000000000000409 /* BigRingNode.swift in Sources */,
				B10001000000000000000501 /* GameScene.swift in Sources */,
				B10001000000000000000502 /* MenuScene.swift in Sources */,
				B10001000000000000000503 /* MapScene.swift in Sources */,
				B10001000000000000000504 /* ShopScene.swift in Sources */,
				B10001000000000000000505 /* ResultsScene.swift in Sources */,
				B10001000000000000000306 /* MissionContent.swift in Sources */,
				B10001000000000000000307 /* PlaneAbility.swift in Sources */,
				B1000100000000000000050B /* GameIntroScene.swift in Sources */,
				B1000100000000000000050C /* ChapterTransitionScene.swift in Sources */,
				B10001000000000000000706 /* MissionBriefingCard.swift in Sources */,
				B10001000000000000000707 /* AbilityButtonNode.swift in Sources */,
				B10001000000000000000507 /* HangarScene.swift in Sources */,
				B10001000000000000000508 /* FreeFlightCityScene.swift in Sources */,
				B10001000000000000000509 /* FreeFlightMountainScene.swift in Sources */,
				B1000100000000000000050A /* LandingPracticeScene.swift in Sources */,
				B10001000000000000000701 /* SkyUIEffects.swift in Sources */,
				B10001000000000000000702 /* SkyChunkyButton.swift in Sources */,
				B10001000000000000000703 /* SkyTabBar.swift in Sources */,
				B10001000000000000000704 /* CurrencyHUD.swift in Sources */,
				B10001000000000000000705 /* SkyMenuTopBar.swift in Sources */,
			);
			runOnlyForDeploymentPostprocessing = 0;
		};
		S10006000000000000000002 /* Sources */ = {
			isa = PBXSourcesBuildPhase;
			buildActionMask = 2147483647;
			files = (
				B10001000000000000010001 /* CurrencyManagerTests.swift in Sources */,
				B10001000000000000010002 /* StarRatingTests.swift in Sources */,
				B10001000000000000010005 /* FreeFlightCoinAccumulatorTests.swift in Sources */,
				B10001000000000000010006 /* MissionContentTests.swift in Sources */,
				B10001000000000000010007 /* PlaneAbilityTests.swift in Sources */,
				B10001000000000000010008 /* BigRingStreakTests.swift in Sources */,
			);
			runOnlyForDeploymentPostprocessing = 0;
		};
/* End PBXSourcesBuildPhase section */

/* Begin PBXTargetDependency section */
		D10010000000000000000001 /* PBXTargetDependency */ = {
			isa = PBXTargetDependency;
			target = T10004000000000000000001 /* SkyAce */;
			targetProxy = CP10011000000000000000001 /* PBXContainerItemProxy */;
		};
/* End PBXTargetDependency section */

/* Begin XCBuildConfiguration section */
		X10009000000000000000001 /* Debug */ = {
			isa = XCBuildConfiguration;
			buildSettings = {
				ALWAYS_SEARCH_USER_PATHS = NO;
				ASSETCATALOG_COMPILER_GENERATE_SWIFT_ASSET_SYMBOL_EXTENSIONS = YES;
				CLANG_ANALYZER_NONNULL = YES;
				CLANG_ANALYZER_NUMBER_OBJECT_CONVERSION = YES_AGGRESSIVE;
				CLANG_CXX_LANGUAGE_STANDARD = "gnu++20";
				CLANG_ENABLE_MODULES = YES;
				CLANG_ENABLE_OBJC_ARC = YES;
				CLANG_ENABLE_OBJC_WEAK = YES;
				CLANG_WARN_BLOCK_CAPTURE_AUTORELEASING = YES;
				CLANG_WARN_BOOL_CONVERSION = YES;
				CLANG_WARN_COMMA = YES;
				CLANG_WARN_CONSTANT_CONVERSION = YES;
				CLANG_WARN_DEPRECATED_OBJC_IMPLEMENTATIONS = YES;
				CLANG_WARN_DIRECT_OBJC_ISA_USAGE = YES_ERROR;
				CLANG_WARN_DOCUMENTATION_COMMENTS = YES;
				CLANG_WARN_EMPTY_BODY = YES;
				CLANG_WARN_ENUM_CONVERSION = YES;
				CLANG_WARN_INFINITE_RECURSION = YES;
				CLANG_WARN_INT_CONVERSION = YES;
				CLANG_WARN_NON_LITERAL_NULL_CONVERSION = YES;
				CLANG_WARN_OBJC_IMPLICIT_RETAIN_SELF = YES;
				CLANG_WARN_OBJC_LITERAL_CONVERSION = YES;
				CLANG_WARN_OBJC_ROOT_CLASS = YES_ERROR;
				CLANG_WARN_QUOTED_INCLUDE_IN_FRAMEWORK_HEADER = YES;
				CLANG_WARN_RANGE_LOOP_ANALYSIS = YES;
				CLANG_WARN_STRICT_PROTOTYPES = YES;
				CLANG_WARN_SUSPICIOUS_MOVE = YES;
				CLANG_WARN_UNGUARDED_AVAILABILITY = YES_AGGRESSIVE;
				CLANG_WARN_UNREACHABLE_CODE = YES;
				CLANG_WARN__DUPLICATE_METHOD_MATCH = YES;
				COPY_PHASE_STRIP = NO;
				DEBUG_INFORMATION_FORMAT = dwarf;
				DEVELOPMENT_TEAM = 87NSKXHV77;
				ENABLE_STRICT_OBJC_MSGSEND = YES;
				ENABLE_TESTABILITY = YES;
				ENABLE_USER_SCRIPT_SANDBOXING = YES;
				GCC_C_LANGUAGE_STANDARD = gnu17;
				GCC_DYNAMIC_NO_PIC = NO;
				GCC_NO_COMMON_BLOCKS = YES;
				GCC_OPTIMIZATION_LEVEL = 0;
				GCC_PREPROCESSOR_DEFINITIONS = (
					"DEBUG=1",
					"$(inherited)",
				);
				GCC_WARN_64_TO_32_BIT_CONVERSION = YES;
				GCC_WARN_ABOUT_RETURN_TYPE = YES_ERROR;
				GCC_WARN_UNDECLARED_SELECTOR = YES;
				GCC_WARN_UNINITIALIZED_AUTOS = YES_AGGRESSIVE;
				GCC_WARN_UNUSED_FUNCTION = YES;
				GCC_WARN_UNUSED_VARIABLE = YES;
				IPHONEOS_DEPLOYMENT_TARGET = 16.0;
				LOCALIZATION_PREFERS_STRING_CATALOGS = YES;
				MTL_ENABLE_DEBUG_INFO = INCLUDE_SOURCE;
				MTL_FAST_MATH = YES;
				ONLY_ACTIVE_ARCH = YES;
				SDKROOT = iphoneos;
				STRING_CATALOG_GENERATE_SYMBOLS = YES;
				SWIFT_ACTIVE_COMPILATION_CONDITIONS = "DEBUG $(inherited)";
				SWIFT_OPTIMIZATION_LEVEL = "-Onone";
			};
			name = Debug;
		};
		X10009000000000000000002 /* Release */ = {
			isa = XCBuildConfiguration;
			buildSettings = {
				ALWAYS_SEARCH_USER_PATHS = NO;
				ASSETCATALOG_COMPILER_GENERATE_SWIFT_ASSET_SYMBOL_EXTENSIONS = YES;
				CLANG_ANALYZER_NONNULL = YES;
				CLANG_ANALYZER_NUMBER_OBJECT_CONVERSION = YES_AGGRESSIVE;
				CLANG_CXX_LANGUAGE_STANDARD = "gnu++20";
				CLANG_ENABLE_MODULES = YES;
				CLANG_ENABLE_OBJC_ARC = YES;
				CLANG_ENABLE_OBJC_WEAK = YES;
				CLANG_WARN_BLOCK_CAPTURE_AUTORELEASING = YES;
				CLANG_WARN_BOOL_CONVERSION = YES;
				CLANG_WARN_COMMA = YES;
				CLANG_WARN_CONSTANT_CONVERSION = YES;
				CLANG_WARN_DEPRECATED_OBJC_IMPLEMENTATIONS = YES;
				CLANG_WARN_DIRECT_OBJC_ISA_USAGE = YES_ERROR;
				CLANG_WARN_DOCUMENTATION_COMMENTS = YES;
				CLANG_WARN_EMPTY_BODY = YES;
				CLANG_WARN_ENUM_CONVERSION = YES;
				CLANG_WARN_INFINITE_RECURSION = YES;
				CLANG_WARN_INT_CONVERSION = YES;
				CLANG_WARN_NON_LITERAL_NULL_CONVERSION = YES;
				CLANG_WARN_OBJC_IMPLICIT_RETAIN_SELF = YES;
				CLANG_WARN_OBJC_LITERAL_CONVERSION = YES;
				CLANG_WARN_OBJC_ROOT_CLASS = YES_ERROR;
				CLANG_WARN_QUOTED_INCLUDE_IN_FRAMEWORK_HEADER = YES;
				CLANG_WARN_RANGE_LOOP_ANALYSIS = YES;
				CLANG_WARN_STRICT_PROTOTYPES = YES;
				CLANG_WARN_SUSPICIOUS_MOVE = YES;
				CLANG_WARN_UNGUARDED_AVAILABILITY = YES_AGGRESSIVE;
				CLANG_WARN_UNREACHABLE_CODE = YES;
				CLANG_WARN__DUPLICATE_METHOD_MATCH = YES;
				COPY_PHASE_STRIP = NO;
				DEBUG_INFORMATION_FORMAT = "dwarf-with-dsym";
				DEVELOPMENT_TEAM = 87NSKXHV77;
				ENABLE_NS_ASSERTIONS = NO;
				ENABLE_STRICT_OBJC_MSGSEND = YES;
				ENABLE_USER_SCRIPT_SANDBOXING = YES;
				GCC_C_LANGUAGE_STANDARD = gnu17;
				GCC_NO_COMMON_BLOCKS = YES;
				GCC_WARN_64_TO_32_BIT_CONVERSION = YES;
				GCC_WARN_ABOUT_RETURN_TYPE = YES_ERROR;
				GCC_WARN_UNDECLARED_SELECTOR = YES;
				GCC_WARN_UNINITIALIZED_AUTOS = YES_AGGRESSIVE;
				GCC_WARN_UNUSED_FUNCTION = YES;
				GCC_WARN_UNUSED_VARIABLE = YES;
				IPHONEOS_DEPLOYMENT_TARGET = 16.0;
				LOCALIZATION_PREFERS_STRING_CATALOGS = YES;
				MTL_ENABLE_DEBUG_INFO = NO;
				MTL_FAST_MATH = YES;
				SDKROOT = iphoneos;
				STRING_CATALOG_GENERATE_SYMBOLS = YES;
				SWIFT_COMPILATION_MODE = wholemodule;
				VALIDATE_PRODUCT = YES;
			};
			name = Release;
		};
		X1000A000000000000000001 /* Debug */ = {
			isa = XCBuildConfiguration;
			buildSettings = {
				ASSETCATALOG_COMPILER_APPICON_NAME = AppIcon;
				ASSETCATALOG_COMPILER_GLOBAL_ACCENT_COLOR_NAME = AccentColor;
				CODE_SIGN_STYLE = Automatic;
				CURRENT_PROJECT_VERSION = 1.0.1;
				ENABLE_PREVIEWS = YES;
				GENERATE_INFOPLIST_FILE = NO;
				INFOPLIST_FILE = SkyAce/Info.plist;
				INFOPLIST_KEY_CFBundleDisplayName = "Sky Ace";
				INFOPLIST_KEY_LSApplicationCategoryType = "public.app-category.arcade-games";
				INFOPLIST_KEY_UIApplicationSceneManifest_Generation = NO;
				INFOPLIST_KEY_UIApplicationSupportsIndirectInputEvents = YES;
				INFOPLIST_KEY_UILaunchScreen_Generation = NO;
				INFOPLIST_KEY_UIStatusBarHidden = YES;
				INFOPLIST_KEY_UISupportedInterfaceOrientations = UIInterfaceOrientationPortrait;
				INFOPLIST_KEY_UISupportedInterfaceOrientations_iPad = "UIInterfaceOrientationPortrait UIInterfaceOrientationPortraitUpsideDown UIInterfaceOrientationLandscapeLeft UIInterfaceOrientationLandscapeRight";
				IPHONEOS_DEPLOYMENT_TARGET = 16.0;
				LD_RUNPATH_SEARCH_PATHS = (
					"$(inherited)",
					"@executable_path/Frameworks",
				);
				MARKETING_VERSION = 1.1;
				PRODUCT_BUNDLE_IDENTIFIER = com.skyace.app;
				PRODUCT_NAME = "$(TARGET_NAME)";
				SUPPORTED_PLATFORMS = "iphoneos iphonesimulator";
				SUPPORTS_MACCATALYST = NO;
				SUPPORTS_MAC_DESIGNED_FOR_IPHONE_IPAD = NO;
				SWIFT_EMIT_LOC_STRINGS = YES;
				SWIFT_VERSION = 5.0;
				TARGETED_DEVICE_FAMILY = "1,2";
			};
			name = Debug;
		};
		X1000A000000000000000002 /* Release */ = {
			isa = XCBuildConfiguration;
			buildSettings = {
				ASSETCATALOG_COMPILER_APPICON_NAME = AppIcon;
				ASSETCATALOG_COMPILER_GLOBAL_ACCENT_COLOR_NAME = AccentColor;
				CODE_SIGN_STYLE = Automatic;
				CURRENT_PROJECT_VERSION = 1.0.1;
				ENABLE_PREVIEWS = YES;
				GENERATE_INFOPLIST_FILE = NO;
				INFOPLIST_FILE = SkyAce/Info.plist;
				INFOPLIST_KEY_CFBundleDisplayName = "Sky Ace";
				INFOPLIST_KEY_LSApplicationCategoryType = "public.app-category.arcade-games";
				INFOPLIST_KEY_UIApplicationSceneManifest_Generation = NO;
				INFOPLIST_KEY_UIApplicationSupportsIndirectInputEvents = YES;
				INFOPLIST_KEY_UILaunchScreen_Generation = NO;
				INFOPLIST_KEY_UIStatusBarHidden = YES;
				INFOPLIST_KEY_UISupportedInterfaceOrientations = UIInterfaceOrientationPortrait;
				INFOPLIST_KEY_UISupportedInterfaceOrientations_iPad = "UIInterfaceOrientationPortrait UIInterfaceOrientationPortraitUpsideDown UIInterfaceOrientationLandscapeLeft UIInterfaceOrientationLandscapeRight";
				IPHONEOS_DEPLOYMENT_TARGET = 16.0;
				LD_RUNPATH_SEARCH_PATHS = (
					"$(inherited)",
					"@executable_path/Frameworks",
				);
				MARKETING_VERSION = 1.1;
				PRODUCT_BUNDLE_IDENTIFIER = com.skyace.app;
				PRODUCT_NAME = "$(TARGET_NAME)";
				SUPPORTED_PLATFORMS = "iphoneos iphonesimulator";
				SUPPORTS_MACCATALYST = NO;
				SUPPORTS_MAC_DESIGNED_FOR_IPHONE_IPAD = NO;
				SWIFT_EMIT_LOC_STRINGS = YES;
				SWIFT_VERSION = 5.0;
				TARGETED_DEVICE_FAMILY = "1,2";
			};
			name = Release;
		};
		X1000A000000000000000003 /* Debug */ = {
			isa = XCBuildConfiguration;
			buildSettings = {
				BUNDLE_LOADER = "$(TEST_HOST)";
				CODE_SIGN_STYLE = Automatic;
				CURRENT_PROJECT_VERSION = 1;
				DEVELOPMENT_TEAM = 87NSKXHV77;
				GENERATE_INFOPLIST_FILE = NO;
				INFOPLIST_FILE = SkyAceTests/Info.plist;
				IPHONEOS_DEPLOYMENT_TARGET = 16.0;
				LD_RUNPATH_SEARCH_PATHS = (
					"$(inherited)",
					"@executable_path/Frameworks",
					"@loader_path/Frameworks",
				);
				MARKETING_VERSION = 1.1;
				PRODUCT_BUNDLE_IDENTIFIER = com.skyace.app.tests;
				PRODUCT_NAME = "$(TARGET_NAME)";
				SUPPORTED_PLATFORMS = "iphoneos iphonesimulator";
				SUPPORTS_MACCATALYST = NO;
				SUPPORTS_MAC_DESIGNED_FOR_IPHONE_IPAD = NO;
				SWIFT_EMIT_LOC_STRINGS = NO;
				SWIFT_VERSION = 5.0;
				TARGETED_DEVICE_FAMILY = "1,2";
				TEST_HOST = "$(BUILT_PRODUCTS_DIR)/SkyAce.app/$(BUNDLE_EXECUTABLE_FOLDER_PATH)/SkyAce";
			};
			name = Debug;
		};
		X1000A000000000000000004 /* Release */ = {
			isa = XCBuildConfiguration;
			buildSettings = {
				BUNDLE_LOADER = "$(TEST_HOST)";
				CODE_SIGN_STYLE = Automatic;
				CURRENT_PROJECT_VERSION = 1;
				DEVELOPMENT_TEAM = 87NSKXHV77;
				GENERATE_INFOPLIST_FILE = NO;
				INFOPLIST_FILE = SkyAceTests/Info.plist;
				IPHONEOS_DEPLOYMENT_TARGET = 16.0;
				LD_RUNPATH_SEARCH_PATHS = (
					"$(inherited)",
					"@executable_path/Frameworks",
					"@loader_path/Frameworks",
				);
				MARKETING_VERSION = 1.1;
				PRODUCT_BUNDLE_IDENTIFIER = com.skyace.app.tests;
				PRODUCT_NAME = "$(TARGET_NAME)";
				SUPPORTED_PLATFORMS = "iphoneos iphonesimulator";
				SUPPORTS_MACCATALYST = NO;
				SUPPORTS_MAC_DESIGNED_FOR_IPHONE_IPAD = NO;
				SWIFT_EMIT_LOC_STRINGS = NO;
				SWIFT_VERSION = 5.0;
				TARGETED_DEVICE_FAMILY = "1,2";
				TEST_HOST = "$(BUILT_PRODUCTS_DIR)/SkyAce.app/$(BUNDLE_EXECUTABLE_FOLDER_PATH)/SkyAce";
			};
			name = Release;
		};
/* End XCBuildConfiguration section */

/* Begin XCConfigurationList section */
		C10005000000000000000001 /* Build configuration list for PBXNativeTarget "SkyAce" */ = {
			isa = XCConfigurationList;
			buildConfigurations = (
				X1000A000000000000000001 /* Debug */,
				X1000A000000000000000002 /* Release */,
			);
			defaultConfigurationIsVisible = 0;
			defaultConfigurationName = Release;
		};
		C10005000000000000000002 /* Build configuration list for PBXProject "SkyAce" */ = {
			isa = XCConfigurationList;
			buildConfigurations = (
				X10009000000000000000001 /* Debug */,
				X10009000000000000000002 /* Release */,
			);
			defaultConfigurationIsVisible = 0;
			defaultConfigurationName = Release;
		};
		C10005000000000000000003 /* Build configuration list for PBXNativeTarget "SkyAceTests" */ = {
			isa = XCConfigurationList;
			buildConfigurations = (
				X1000A000000000000000003 /* Debug */,
				X1000A000000000000000004 /* Release */,
			);
			defaultConfigurationIsVisible = 0;
			defaultConfigurationName = Release;
		};
/* End XCConfigurationList section */
	};
	rootObject = P10008000000000000000001 /* Project object */;
}
